
Microsoft Visual Studio Solution File, Format Version 12.00
# Visual Studio Version 16
VisualStudioVersion = 16.0.33529.622
MinimumVisualStudioVersion = 10.0.40219.1
Project("{8BC9CEB8-8B4A-11D0-8D11-00A0C91BC942}") = "replace_if", "replace_if.vcxproj", "{7CF6D051-20DD-48DA-9DD8-AEC74E352118}"
EndProject
Global
	GlobalSection(SolutionConfigurationPlatforms) = preSolution
		Debug|x64 = Debug|x64
		Debug|x86 = Debug|x86
		Release|x64 = Release|x64
		Release|x86 = Release|x86
	EndGlobalSection
	GlobalSection(ProjectConfigurationPlatforms) = postSolution
		{7CF6D051-20DD-48DA-9DD8-AEC74E352118}.Debug|x64.ActiveCfg = Debug|x64
		{7CF6D051-20DD-48DA-9DD8-AEC74E352118}.Debug|x64.Build.0 = Debug|x64
		{7CF6D051-20DD-48DA-9DD8-AEC74E352118}.Debug|x86.ActiveCfg = Debug|Win32
		{7CF6D051-20DD-48DA-9DD8-AEC74E352118}.Debug|x86.Build.0 = Debug|Win32
		{7CF6D051-20DD-48DA-9DD8-AEC74E352118}.Release|x64.ActiveCfg = Release|x64
		{7CF6D051-20DD-48DA-9DD8-AEC74E352118}.Release|x64.Build.0 = Release|x64
		{7CF6D051-20DD-48DA-9DD8-AEC74E352118}.Release|x86.ActiveCfg = Release|Win32
		{7CF6D051-20DD-48DA-9DD8-AEC74E352118}.Release|x86.Build.0 = Release|Win32
	EndGlobalSection
	GlobalSection(SolutionProperties) = preSolution
		HideSolutionNode = FALSE
	EndGlobalSection
	GlobalSection(ExtensibilityGlobals) = postSolution
		SolutionGuid = {A63D538D-DE7E-4EEA-B169-CD6EA7D226B0}
	EndGlobalSection
EndGlobal
