
Microsoft Visual Studio Solution File, Format Version 12.00
# Visual Studio Version 16
VisualStudioVersion = 16.0.33529.622
MinimumVisualStudioVersion = 10.0.40219.1
Project("{8BC9CEB8-8B4A-11D0-8D11-00A0C91BC942}") = "加号运算符重载", "加号运算符重载.vcxproj", "{11082413-F781-4D4F-AB19-71CA4DD83AAB}"
EndProject
Global
	GlobalSection(SolutionConfigurationPlatforms) = preSolution
		Debug|x64 = Debug|x64
		Debug|x86 = Debug|x86
		Release|x64 = Release|x64
		Release|x86 = Release|x86
	EndGlobalSection
	GlobalSection(ProjectConfigurationPlatforms) = postSolution
		{11082413-F781-4D4F-AB19-71CA4DD83AAB}.Debug|x64.ActiveCfg = Debug|x64
		{11082413-F781-4D4F-AB19-71CA4DD83AAB}.Debug|x64.Build.0 = Debug|x64
		{11082413-F781-4D4F-AB19-71CA4DD83AAB}.Debug|x86.ActiveCfg = Debug|Win32
		{11082413-F781-4D4F-AB19-71CA4DD83AAB}.Debug|x86.Build.0 = Debug|Win32
		{11082413-F781-4D4F-AB19-71CA4DD83AAB}.Release|x64.ActiveCfg = Release|x64
		{11082413-F781-4D4F-AB19-71CA4DD83AAB}.Release|x64.Build.0 = Release|x64
		{11082413-F781-4D4F-AB19-71CA4DD83AAB}.Release|x86.ActiveCfg = Release|Win32
		{11082413-F781-4D4F-AB19-71CA4DD83AAB}.Release|x86.Build.0 = Release|Win32
	EndGlobalSection
	GlobalSection(SolutionProperties) = preSolution
		HideSolutionNode = FALSE
	EndGlobalSection
	GlobalSection(ExtensibilityGlobals) = postSolution
		SolutionGuid = {F1C97D42-ADCA-4157-9F27-B423639405CD}
	EndGlobalSection
EndGlobal
