
Microsoft Visual Studio Solution File, Format Version 12.00
# Visual Studio Version 16
VisualStudioVersion = 16.0.33529.622
MinimumVisualStudioVersion = 10.0.40219.1
Project("{8BC9CEB8-8B4A-11D0-8D11-00A0C91BC942}") = "多态的基本概念", "多态的基本概念.vcxproj", "{CBEC1054-70C0-415D-BE75-F1FB61AAB7AA}"
EndProject
Global
	GlobalSection(SolutionConfigurationPlatforms) = preSolution
		Debug|x64 = Debug|x64
		Debug|x86 = Debug|x86
		Release|x64 = Release|x64
		Release|x86 = Release|x86
	EndGlobalSection
	GlobalSection(ProjectConfigurationPlatforms) = postSolution
		{CBEC1054-70C0-415D-BE75-F1FB61AAB7AA}.Debug|x64.ActiveCfg = Debug|x64
		{CBEC1054-70C0-415D-BE75-F1FB61AAB7AA}.Debug|x64.Build.0 = Debug|x64
		{CBEC1054-70C0-415D-BE75-F1FB61AAB7AA}.Debug|x86.ActiveCfg = Debug|Win32
		{CBEC1054-70C0-415D-BE75-F1FB61AAB7AA}.Debug|x86.Build.0 = Debug|Win32
		{CBEC1054-70C0-415D-BE75-F1FB61AAB7AA}.Release|x64.ActiveCfg = Release|x64
		{CBEC1054-70C0-415D-BE75-F1FB61AAB7AA}.Release|x64.Build.0 = Release|x64
		{CBEC1054-70C0-415D-BE75-F1FB61AAB7AA}.Release|x86.ActiveCfg = Release|Win32
		{CBEC1054-70C0-415D-BE75-F1FB61AAB7AA}.Release|x86.Build.0 = Release|Win32
	EndGlobalSection
	GlobalSection(SolutionProperties) = preSolution
		HideSolutionNode = FALSE
	EndGlobalSection
	GlobalSection(ExtensibilityGlobals) = postSolution
		SolutionGuid = {CA610534-54A9-4381-A80A-38A53AB90A54}
	EndGlobalSection
EndGlobal
