
Microsoft Visual Studio Solution File, Format Version 12.00
# Visual Studio Version 16
VisualStudioVersion = 16.0.33529.622
MinimumVisualStudioVersion = 10.0.40219.1
Project("{8BC9CEB8-8B4A-11D0-8D11-00A0C91BC942}") = "递增运算符重载", "递增运算符重载.vcxproj", "{84E5370E-A249-490A-9A37-D208417941EF}"
EndProject
Global
	GlobalSection(SolutionConfigurationPlatforms) = preSolution
		Debug|x64 = Debug|x64
		Debug|x86 = Debug|x86
		Release|x64 = Release|x64
		Release|x86 = Release|x86
	EndGlobalSection
	GlobalSection(ProjectConfigurationPlatforms) = postSolution
		{84E5370E-A249-490A-9A37-D208417941EF}.Debug|x64.ActiveCfg = Debug|x64
		{84E5370E-A249-490A-9A37-D208417941EF}.Debug|x64.Build.0 = Debug|x64
		{84E5370E-A249-490A-9A37-D208417941EF}.Debug|x86.ActiveCfg = Debug|Win32
		{84E5370E-A249-490A-9A37-D208417941EF}.Debug|x86.Build.0 = Debug|Win32
		{84E5370E-A249-490A-9A37-D208417941EF}.Release|x64.ActiveCfg = Release|x64
		{84E5370E-A249-490A-9A37-D208417941EF}.Release|x64.Build.0 = Release|x64
		{84E5370E-A249-490A-9A37-D208417941EF}.Release|x86.ActiveCfg = Release|Win32
		{84E5370E-A249-490A-9A37-D208417941EF}.Release|x86.Build.0 = Release|Win32
	EndGlobalSection
	GlobalSection(SolutionProperties) = preSolution
		HideSolutionNode = FALSE
	EndGlobalSection
	GlobalSection(ExtensibilityGlobals) = postSolution
		SolutionGuid = {5DD0B2EB-2B00-403B-AAB2-A7D5AAD6AAC9}
	EndGlobalSection
EndGlobal
